
Microsoft Visual Studio Solution File, Format Version 12.00
# Visual Studio 15
VisualStudioVersion = 15.0.27729.1
MinimumVisualStudioVersion = 10.0.40219.1
Project("{FAE04EC0-301F-11D3-BF4B-00C04F79EFBC}") = "TMHCSharpApp", "TMHCSharpApp\TMHCSharpApp.csproj", "{A373134E-8697-48E0-8668-780697762C7E}"
EndProject
Global
	GlobalSection(SolutionConfigurationPlatforms) = preSolution
		Debug|Any CPU = Debug|Any CPU
		Release|Any CPU = Release|Any CPU
	EndGlobalSection
	GlobalSection(ProjectConfigurationPlatforms) = postSolution
		{A373134E-8697-48E0-8668-780697762C7E}.Debug|Any CPU.ActiveCfg = Debug|Any CPU
		{A373134E-8697-48E0-8668-780697762C7E}.Debug|Any CPU.Build.0 = Debug|Any CPU
		{A373134E-8697-48E0-8668-780697762C7E}.Release|Any CPU.ActiveCfg = Release|Any CPU
		{A373134E-8697-48E0-8668-780697762C7E}.Release|Any CPU.Build.0 = Release|Any CPU
	EndGlobalSection
	GlobalSection(SolutionProperties) = preSolution
		HideSolutionNode = FALSE
	EndGlobalSection
	GlobalSection(ExtensibilityGlobals) = postSolution
		SolutionGuid = {DB5B01DD-76B1-40C5-AE6F-C9B1BEB0641D}
	EndGlobalSection
EndGlobal
